
Microsoft Visual Studio Solution File, Format Version 11.00
# Visual Studio 2010
Project("{FAE04EC0-301F-11D3-BF4B-00C04F79EFBC}") = "Assembly-CSharp", "Assembly-CSharp.csproj", "{1463AC1D-DEA9-00FC-16DC-3DEAFF646801}"
EndProject
Project("{FAE04EC0-301F-11D3-BF4B-00C04F79EFBC}") = "UnsafeFiles", "UnsafeFiles.csproj", "{940EE476-9E5C-D4FA-321C-B21FE4E20F51}"
EndProject
Project("{FAE04EC0-301F-11D3-BF4B-00C04F79EFBC}") = "Assembly-CSharp-Editor", "Assembly-CSharp-Editor.csproj", "{C8B2D992-254A-4848-C84A-80ABB2754373}"
EndProject
Global
	GlobalSection(SolutionConfigurationPlatforms) = preSolution
		Debug|Any CPU = Debug|Any CPU
		Release|Any CPU = Release|Any CPU
	EndGlobalSection
	GlobalSection(ProjectConfigurationPlatforms) = postSolution
		{1463AC1D-DEA9-00FC-16DC-3DEAFF646801}.Debug|Any CPU.ActiveCfg = Debug|Any CPU
		{1463AC1D-DEA9-00FC-16DC-3DEAFF646801}.Debug|Any CPU.Build.0 = Debug|Any CPU
		{1463AC1D-DEA9-00FC-16DC-3DEAFF646801}.Release|Any CPU.ActiveCfg = Release|Any CPU
		{1463AC1D-DEA9-00FC-16DC-3DEAFF646801}.Release|Any CPU.Build.0 = Release|Any CPU
		{940EE476-9E5C-D4FA-321C-B21FE4E20F51}.Debug|Any CPU.ActiveCfg = Debug|Any CPU
		{940EE476-9E5C-D4FA-321C-B21FE4E20F51}.Debug|Any CPU.Build.0 = Debug|Any CPU
		{940EE476-9E5C-D4FA-321C-B21FE4E20F51}.Release|Any CPU.ActiveCfg = Release|Any CPU
		{940EE476-9E5C-D4FA-321C-B21FE4E20F51}.Release|Any CPU.Build.0 = Release|Any CPU
		{C8B2D992-254A-4848-C84A-80ABB2754373}.Debug|Any CPU.ActiveCfg = Debug|Any CPU
		{C8B2D992-254A-4848-C84A-80ABB2754373}.Debug|Any CPU.Build.0 = Debug|Any CPU
		{C8B2D992-254A-4848-C84A-80ABB2754373}.Release|Any CPU.ActiveCfg = Release|Any CPU
		{C8B2D992-254A-4848-C84A-80ABB2754373}.Release|Any CPU.Build.0 = Release|Any CPU
	EndGlobalSection
	GlobalSection(SolutionProperties) = preSolution
		HideSolutionNode = FALSE
	EndGlobalSection
	GlobalSection(MonoDevelopProperties) = preSolution
		StartupItem = Assembly-CSharp.csproj
	EndGlobalSection
EndGlobal
